
Microsoft Visual Studio Solution File, Format Version 12.00
# Visual Studio Version 17
VisualStudioVersion = 17.11.35327.3
MinimumVisualStudioVersion = 10.0.40219.1
Project("{FAE04EC0-301F-11D3-BF4B-00C04F79EFBC}") = "PudgeWars", "PudgeWars\PudgeWars.csproj", "{DE576911-EBFF-401F-BF2C-12F85B3D274D}"
EndProject
Global
	GlobalSection(SolutionConfigurationPlatforms) = preSolution
		Debug|Any CPU = Debug|Any CPU
		Release|Any CPU = Release|Any CPU
	EndGlobalSection
	GlobalSection(ProjectConfigurationPlatforms) = postSolution
		{DE576911-EBFF-401F-BF2C-12F85B3D274D}.Debug|Any CPU.ActiveCfg = Debug|Any CPU
		{DE576911-EBFF-401F-BF2C-12F85B3D274D}.Debug|Any CPU.Build.0 = Debug|Any CPU
		{DE576911-EBFF-401F-BF2C-12F85B3D274D}.Release|Any CPU.ActiveCfg = Release|Any CPU
		{DE576911-EBFF-401F-BF2C-12F85B3D274D}.Release|Any CPU.Build.0 = Release|Any CPU
	EndGlobalSection
	GlobalSection(SolutionProperties) = preSolution
		HideSolutionNode = FALSE
	EndGlobalSection
	GlobalSection(ExtensibilityGlobals) = postSolution
		SolutionGuid = {544D6DE4-BE19-4E20-9208-26D846A994C1}
	EndGlobalSection
EndGlobal
